
Microsoft Visual Studio Solution File, Format Version 12.00
# Visual Studio Version 17
VisualStudioVersion = 17.8.34525.116
MinimumVisualStudioVersion = 10.0.40219.1
Project("{9A19103F-16F7-4668-BE54-9A1E7A4F7556}") = "BarcodeAPI", "BarcodeAPI\BarcodeAPI.csproj", "{B22491D7-7D6A-43EF-8BB4-420AA25B2E35}"
EndProject
Global
	GlobalSection(SolutionConfigurationPlatforms) = preSolution
		Debug|Any CPU = Debug|Any CPU
		Release|Any CPU = Release|Any CPU
	EndGlobalSection
	GlobalSection(ProjectConfigurationPlatforms) = postSolution
		{B22491D7-7D6A-43EF-8BB4-420AA25B2E35}.Debug|Any CPU.ActiveCfg = Debug|Any CPU
		{B22491D7-7D6A-43EF-8BB4-420AA25B2E35}.Debug|Any CPU.Build.0 = Debug|Any CPU
		{B22491D7-7D6A-43EF-8BB4-420AA25B2E35}.Release|Any CPU.ActiveCfg = Release|Any CPU
		{B22491D7-7D6A-43EF-8BB4-420AA25B2E35}.Release|Any CPU.Build.0 = Release|Any CPU
	EndGlobalSection
	GlobalSection(SolutionProperties) = preSolution
		HideSolutionNode = FALSE
	EndGlobalSection
	GlobalSection(ExtensibilityGlobals) = postSolution
		SolutionGuid = {48BAF1CE-2B1F-4458-A3C7-DE65FA81F0A5}
	EndGlobalSection
EndGlobal
